
Microsoft Visual Studio Solution File, Format Version 12.00
# Visual Studio Version 16
VisualStudioVersion = 16.0.30011.22
MinimumVisualStudioVersion = 10.0.40219.1
Project("{FAE04EC0-301F-11D3-BF4B-00C04F79EFBC}") = "PickleTrick", "PickleTrick\PickleTrick.csproj", "{312335F7-CF27-4371-BA19-8A0EDCE1E14A}"
EndProject
Project("{FAE04EC0-301F-11D3-BF4B-00C04F79EFBC}") = "PickleTrickShared", "PickleTrickShared\PickleTrickShared.csproj", "{AE0F926E-E3AF-4BFF-987E-B895A17964AD}"
EndProject
Global
	GlobalSection(SolutionConfigurationPlatforms) = preSolution
		Debug|Any CPU = Debug|Any CPU
		Release|Any CPU = Release|Any CPU
	EndGlobalSection
	GlobalSection(ProjectConfigurationPlatforms) = postSolution
		{312335F7-CF27-4371-BA19-8A0EDCE1E14A}.Debug|Any CPU.ActiveCfg = Debug|Any CPU
		{312335F7-CF27-4371-BA19-8A0EDCE1E14A}.Debug|Any CPU.Build.0 = Debug|Any CPU
		{312335F7-CF27-4371-BA19-8A0EDCE1E14A}.Release|Any CPU.ActiveCfg = Release|Any CPU
		{312335F7-CF27-4371-BA19-8A0EDCE1E14A}.Release|Any CPU.Build.0 = Release|Any CPU
		{AE0F926E-E3AF-4BFF-987E-B895A17964AD}.Debug|Any CPU.ActiveCfg = Debug|Any CPU
		{AE0F926E-E3AF-4BFF-987E-B895A17964AD}.Debug|Any CPU.Build.0 = Debug|Any CPU
		{AE0F926E-E3AF-4BFF-987E-B895A17964AD}.Release|Any CPU.ActiveCfg = Release|Any CPU
		{AE0F926E-E3AF-4BFF-987E-B895A17964AD}.Release|Any CPU.Build.0 = Release|Any CPU
	EndGlobalSection
	GlobalSection(SolutionProperties) = preSolution
		HideSolutionNode = FALSE
	EndGlobalSection
	GlobalSection(ExtensibilityGlobals) = postSolution
		SolutionGuid = {CAE4D778-8D76-40C4-922F-90D90F3D5F2D}
	EndGlobalSection
EndGlobal
